
Microsoft Visual Studio Solution File, Format Version 12.00
# Visual Studio 2015
Project("{FAE04EC0-301F-11D3-BF4B-00C04F79EFBC}") = "JUKEBOXER 6900", "JUKEBOXER 6900.csproj", "{9B1630D1-6ED1-4038-6F9B-71D3612C6F10}"
EndProject
Global
	GlobalSection(SolutionConfigurationPlatforms) = preSolution
		Debug|Any CPU = Debug|Any CPU
		Release|Any CPU = Release|Any CPU
	EndGlobalSection
	GlobalSection(ProjectConfigurationPlatforms) = postSolution
		{9B1630D1-6ED1-4038-6F9B-71D3612C6F10}.Debug|Any CPU.ActiveCfg = Debug|Any CPU
		{9B1630D1-6ED1-4038-6F9B-71D3612C6F10}.Debug|Any CPU.Build.0 = Debug|Any CPU
		{9B1630D1-6ED1-4038-6F9B-71D3612C6F10}.Release|Any CPU.ActiveCfg = Release|Any CPU
		{9B1630D1-6ED1-4038-6F9B-71D3612C6F10}.Release|Any CPU.Build.0 = Release|Any CPU
	EndGlobalSection
	GlobalSection(SolutionProperties) = preSolution
		HideSolutionNode = FALSE
	EndGlobalSection
EndGlobal
